NeoBundleLock ack.vim 0a7d28bfb130696f73d122cac99d8903e066c896
NeoBundleLock emmet-vim 1691ccc7e8a42068de1c9f1bf3665f639efc1cfa
NeoBundleLock neobundle.vim 69c65de516c8a02853743053e6602b90a1a82c8e
NeoBundleLock neocomplete.vim a3b87cc446f321de4be35f21fef46634f7043169
NeoBundleLock neomru.vim 8aa00e181bb764956a40764ae325a485a93f513a
NeoBundleLock nerdcommenter 5cc672a4f2adb734ac671499476034f0cd1d3d72
NeoBundleLock nerdtree 0b44415a3302030b56755cc1135ca9ca57dc1ada
NeoBundleLock taglist.vim 53041fbc45398a9af631a20657e109707a455339
NeoBundleLock unite.vim 87bbba956bab3473aca1556d830417643a9fa53a
NeoBundleLock vim-airline 14d14cf951c08fc88ca6c3e6f28fe47b99421e23
NeoBundleLock vim-coffee-script 32fe889b8cafd3a4921ef8e6485156453ff58c42
NeoBundleLock vim-colors-solarized 528a59f26d12278698bb946f8fb82a63711eec21
NeoBundleLock vim-fugitive dba8a0705d95cda76d599bb7d09964d67741a5c5
NeoBundleLock vim-handlebars 1eeeff8ade7b5008e7a213cc7eb9c7e1bed52bef
NeoBundleLock vim-jade fb47bb8303e81fc17b4340ccd01a462332f7d90a
NeoBundleLock vim-lucius 770dc0da1d1ce0c21e2d54191aae8f0e6012b6a5
NeoBundleLock vim-markdown 15d19778a3be4ab3f949cba636d53a87e2c03f29
NeoBundleLock vim-rails 2c5c72aaf9711e53e4d54fbf8aee011e8e25ac82
NeoBundleLock vim-slim 0daaa8581f9a9968cebbc7d14ae9acf1625c0389
NeoBundleLock vim-stylus 0514757a4795843978517ee73d7fa7d8bf2e5545
NeoBundleLock vim-tags 65a745ba545f16867a2281be57492b7c9e639ff1
NeoBundleLock vimfiler 259d52c6f6ffc267c63eb95fe5fd026d29ddbe71
NeoBundleLock vimproc.vim 25cb83f24edec4aec1e9f1329302235e7a7a7fe0
NeoBundleLock vimshell b19377ead8e6d4e0dc40a0862b28fbc90ffb5e3f
NeoBundleLock vundle 9723e59e6e26feaf2d9ed9d5d2a0cb22b9fc1182
